
Microsoft Visual Studio Solution File, Format Version 12.00
# Visual Studio Version 17
VisualStudioVersion = 17.3.32929.385
MinimumVisualStudioVersion = 10.0.40219.1
Project("{FAE04EC0-301F-11D3-BF4B-00C04F79EFBC}") = "Vista", "Vista\Vista.csproj", "{A7CB6636-A368-40E1-99CC-38B553FE09AF}"
EndProject
Project("{FAE04EC0-301F-11D3-BF4B-00C04F79EFBC}") = "Datos", "Datos\Datos.csproj", "{2A3CF721-1077-42CC-BF63-70523B82FAE8}"
EndProject
Project("{FAE04EC0-301F-11D3-BF4B-00C04F79EFBC}") = "Entidades", "Entidades\Entidades.csproj", "{9E4EC9BE-87B2-4F88-9079-4083A7577085}"
EndProject
Global
	GlobalSection(SolutionConfigurationPlatforms) = preSolution
		Debug|Any CPU = Debug|Any CPU
		Release|Any CPU = Release|Any CPU
	EndGlobalSection
	GlobalSection(ProjectConfigurationPlatforms) = postSolution
		{A7CB6636-A368-40E1-99CC-38B553FE09AF}.Debug|Any CPU.ActiveCfg = Debug|Any CPU
		{A7CB6636-A368-40E1-99CC-38B553FE09AF}.Debug|Any CPU.Build.0 = Debug|Any CPU
		{A7CB6636-A368-40E1-99CC-38B553FE09AF}.Release|Any CPU.ActiveCfg = Release|Any CPU
		{A7CB6636-A368-40E1-99CC-38B553FE09AF}.Release|Any CPU.Build.0 = Release|Any CPU
		{2A3CF721-1077-42CC-BF63-70523B82FAE8}.Debug|Any CPU.ActiveCfg = Debug|Any CPU
		{2A3CF721-1077-42CC-BF63-70523B82FAE8}.Debug|Any CPU.Build.0 = Debug|Any CPU
		{2A3CF721-1077-42CC-BF63-70523B82FAE8}.Release|Any CPU.ActiveCfg = Release|Any CPU
		{2A3CF721-1077-42CC-BF63-70523B82FAE8}.Release|Any CPU.Build.0 = Release|Any CPU
		{9E4EC9BE-87B2-4F88-9079-4083A7577085}.Debug|Any CPU.ActiveCfg = Debug|Any CPU
		{9E4EC9BE-87B2-4F88-9079-4083A7577085}.Debug|Any CPU.Build.0 = Debug|Any CPU
		{9E4EC9BE-87B2-4F88-9079-4083A7577085}.Release|Any CPU.ActiveCfg = Release|Any CPU
		{9E4EC9BE-87B2-4F88-9079-4083A7577085}.Release|Any CPU.Build.0 = Release|Any CPU
	EndGlobalSection
	GlobalSection(SolutionProperties) = preSolution
		HideSolutionNode = FALSE
	EndGlobalSection
	GlobalSection(ExtensibilityGlobals) = postSolution
		SolutionGuid = {1E4B7090-C28B-4F3D-B144-65E6F765FC5D}
	EndGlobalSection
EndGlobal
